
Microsoft Visual Studio Solution File, Format Version 12.00
# Visual Studio Version 17
VisualStudioVersion = 17.14.36705.20 d17.14
MinimumVisualStudioVersion = 10.0.40219.1
Project("{FAE04EC0-301F-11D3-BF4B-00C04F79EFBC}") = "01-APICatalogo", "01-APICatalogo.csproj", "{CC4C8298-9E30-4E48-96B4-B373A67967F4}"
EndProject
Global
	GlobalSection(SolutionConfigurationPlatforms) = preSolution
		Debug|Any CPU = Debug|Any CPU
		Release|Any CPU = Release|Any CPU
	EndGlobalSection
	GlobalSection(ProjectConfigurationPlatforms) = postSolution
		{CC4C8298-9E30-4E48-96B4-B373A67967F4}.Debug|Any CPU.ActiveCfg = Debug|Any CPU
		{CC4C8298-9E30-4E48-96B4-B373A67967F4}.Debug|Any CPU.Build.0 = Debug|Any CPU
		{CC4C8298-9E30-4E48-96B4-B373A67967F4}.Release|Any CPU.ActiveCfg = Release|Any CPU
		{CC4C8298-9E30-4E48-96B4-B373A67967F4}.Release|Any CPU.Build.0 = Release|Any CPU
	EndGlobalSection
	GlobalSection(SolutionProperties) = preSolution
		HideSolutionNode = FALSE
	EndGlobalSection
	GlobalSection(ExtensibilityGlobals) = postSolution
		SolutionGuid = {8808171E-EECC-4FAF-BE04-C103EF8F5978}
	EndGlobalSection
EndGlobal
